
Microsoft Visual Studio Solution File, Format Version 12.00
# Visual Studio 15
VisualStudioVersion = 15.0.28307.271
MinimumVisualStudioVersion = 10.0.40219.1
Project("{FAE04EC0-301F-11D3-BF4B-00C04F79EFBC}") = "PSSI", "PSSI\PSSI.csproj", "{643B7EBE-5287-4A37-9DF4-A956CEFE1D76}"
EndProject
Global
	GlobalSection(SolutionConfigurationPlatforms) = preSolution
		Debug|Any CPU = Debug|Any CPU
		Release|Any CPU = Release|Any CPU
	EndGlobalSection
	GlobalSection(ProjectConfigurationPlatforms) = postSolution
		{643B7EBE-5287-4A37-9DF4-A956CEFE1D76}.Debug|Any CPU.ActiveCfg = Debug|Any CPU
		{643B7EBE-5287-4A37-9DF4-A956CEFE1D76}.Debug|Any CPU.Build.0 = Debug|Any CPU
		{643B7EBE-5287-4A37-9DF4-A956CEFE1D76}.Release|Any CPU.ActiveCfg = Release|Any CPU
		{643B7EBE-5287-4A37-9DF4-A956CEFE1D76}.Release|Any CPU.Build.0 = Release|Any CPU
	EndGlobalSection
	GlobalSection(SolutionProperties) = preSolution
		HideSolutionNode = FALSE
	EndGlobalSection
	GlobalSection(ExtensibilityGlobals) = postSolution
		SolutionGuid = {F93B3DFB-9AD9-4A5A-90A6-56F2F1A3C87C}
	EndGlobalSection
EndGlobal
